
Microsoft Visual Studio Solution File, Format Version 12.00
# Visual Studio 15
VisualStudioVersion = 15.0.27004.2005
MinimumVisualStudioVersion = 10.0.40219.1
Project("{2150E333-8FDC-42A3-9474-1A3956D46DE8}") = "sample", "sample", "{5A4E9AF3-C199-4304-A0DE-C3AA652A71A9}"
EndProject
Project("{2150E333-8FDC-42A3-9474-1A3956D46DE8}") = "src", "src", "{AD01A83A-D3A7-4CF5-AD89-F9C2C7FC359A}"
EndProject
Project("{2150E333-8FDC-42A3-9474-1A3956D46DE8}") = "test", "test", "{0D19674D-66F4-461F-86B3-DABAAE3BB9D1}"
EndProject
Project("{9A19103F-16F7-4668-BE54-9A1E7A4F7556}") = "EventBus.Core", "src\EventBus.Core\EventBus.Core.csproj", "{203CA579-3C1A-43E6-B866-EA5A57E37EBF}"
EndProject
Project("{9A19103F-16F7-4668-BE54-9A1E7A4F7556}") = "EventBus.Sample", "sample\EventBus.Sample\EventBus.Sample.csproj", "{4F687607-DE22-41E0-B5CC-C754AE3AA1A9}"
EndProject
Project("{9A19103F-16F7-4668-BE54-9A1E7A4F7556}") = "EventBus.Publish", "src\EventBus.Publish\EventBus.Publish.csproj", "{F46509D4-67A0-4F36-9F4C-1F4C9FC129AB}"
EndProject
Project("{9A19103F-16F7-4668-BE54-9A1E7A4F7556}") = "EventBus.Subscribe", "src\EventBus.Subscribe\EventBus.Subscribe.csproj", "{30CD147A-5160-48AF-8409-E52595EEB926}"
EndProject
Project("{9A19103F-16F7-4668-BE54-9A1E7A4F7556}") = "EventBus.Publish.Sample", "sample\EventBus.Publish.Sample\EventBus.Publish.Sample.csproj", "{7CEC99E8-7348-440D-909B-1D203B3F7965}"
EndProject
Project("{9A19103F-16F7-4668-BE54-9A1E7A4F7556}") = "EventBus.Core.Test", "test\EventBus.Core.Test\EventBus.Core.Test.csproj", "{A7D74AA8-89AF-4650-9659-0839CC9D8D50}"
EndProject
Project("{9A19103F-16F7-4668-BE54-9A1E7A4F7556}") = "EventBus.Alert", "src\EventBus.Alert\EventBus.Alert.csproj", "{DCD5A7C5-062C-4782-B6A4-1AC58C17E36D}"
EndProject
Global
	GlobalSection(SolutionConfigurationPlatforms) = preSolution
		Debug|Any CPU = Debug|Any CPU
		Release|Any CPU = Release|Any CPU
	EndGlobalSection
	GlobalSection(ProjectConfigurationPlatforms) = postSolution
		{203CA579-3C1A-43E6-B866-EA5A57E37EBF}.Debug|Any CPU.ActiveCfg = Debug|Any CPU
		{203CA579-3C1A-43E6-B866-EA5A57E37EBF}.Debug|Any CPU.Build.0 = Debug|Any CPU
		{203CA579-3C1A-43E6-B866-EA5A57E37EBF}.Release|Any CPU.ActiveCfg = Release|Any CPU
		{203CA579-3C1A-43E6-B866-EA5A57E37EBF}.Release|Any CPU.Build.0 = Release|Any CPU
		{4F687607-DE22-41E0-B5CC-C754AE3AA1A9}.Debug|Any CPU.ActiveCfg = Debug|Any CPU
		{4F687607-DE22-41E0-B5CC-C754AE3AA1A9}.Debug|Any CPU.Build.0 = Debug|Any CPU
		{4F687607-DE22-41E0-B5CC-C754AE3AA1A9}.Release|Any CPU.ActiveCfg = Release|Any CPU
		{4F687607-DE22-41E0-B5CC-C754AE3AA1A9}.Release|Any CPU.Build.0 = Release|Any CPU
		{F46509D4-67A0-4F36-9F4C-1F4C9FC129AB}.Debug|Any CPU.ActiveCfg = Debug|Any CPU
		{F46509D4-67A0-4F36-9F4C-1F4C9FC129AB}.Debug|Any CPU.Build.0 = Debug|Any CPU
		{F46509D4-67A0-4F36-9F4C-1F4C9FC129AB}.Release|Any CPU.ActiveCfg = Release|Any CPU
		{F46509D4-67A0-4F36-9F4C-1F4C9FC129AB}.Release|Any CPU.Build.0 = Release|Any CPU
		{30CD147A-5160-48AF-8409-E52595EEB926}.Debug|Any CPU.ActiveCfg = Debug|Any CPU
		{30CD147A-5160-48AF-8409-E52595EEB926}.Debug|Any CPU.Build.0 = Debug|Any CPU
		{30CD147A-5160-48AF-8409-E52595EEB926}.Release|Any CPU.ActiveCfg = Release|Any CPU
		{30CD147A-5160-48AF-8409-E52595EEB926}.Release|Any CPU.Build.0 = Release|Any CPU
		{7CEC99E8-7348-440D-909B-1D203B3F7965}.Debug|Any CPU.ActiveCfg = Debug|Any CPU
		{7CEC99E8-7348-440D-909B-1D203B3F7965}.Debug|Any CPU.Build.0 = Debug|Any CPU
		{7CEC99E8-7348-440D-909B-1D203B3F7965}.Release|Any CPU.ActiveCfg = Release|Any CPU
		{7CEC99E8-7348-440D-909B-1D203B3F7965}.Release|Any CPU.Build.0 = Release|Any CPU
		{A7D74AA8-89AF-4650-9659-0839CC9D8D50}.Debug|Any CPU.ActiveCfg = Debug|Any CPU
		{A7D74AA8-89AF-4650-9659-0839CC9D8D50}.Debug|Any CPU.Build.0 = Debug|Any CPU
		{A7D74AA8-89AF-4650-9659-0839CC9D8D50}.Release|Any CPU.ActiveCfg = Release|Any CPU
		{A7D74AA8-89AF-4650-9659-0839CC9D8D50}.Release|Any CPU.Build.0 = Release|Any CPU
		{DCD5A7C5-062C-4782-B6A4-1AC58C17E36D}.Debug|Any CPU.ActiveCfg = Debug|Any CPU
		{DCD5A7C5-062C-4782-B6A4-1AC58C17E36D}.Debug|Any CPU.Build.0 = Debug|Any CPU
		{DCD5A7C5-062C-4782-B6A4-1AC58C17E36D}.Release|Any CPU.ActiveCfg = Release|Any CPU
		{DCD5A7C5-062C-4782-B6A4-1AC58C17E36D}.Release|Any CPU.Build.0 = Release|Any CPU
	EndGlobalSection
	GlobalSection(SolutionProperties) = preSolution
		HideSolutionNode = FALSE
	EndGlobalSection
	GlobalSection(NestedProjects) = preSolution
		{203CA579-3C1A-43E6-B866-EA5A57E37EBF} = {AD01A83A-D3A7-4CF5-AD89-F9C2C7FC359A}
		{4F687607-DE22-41E0-B5CC-C754AE3AA1A9} = {5A4E9AF3-C199-4304-A0DE-C3AA652A71A9}
		{F46509D4-67A0-4F36-9F4C-1F4C9FC129AB} = {AD01A83A-D3A7-4CF5-AD89-F9C2C7FC359A}
		{30CD147A-5160-48AF-8409-E52595EEB926} = {AD01A83A-D3A7-4CF5-AD89-F9C2C7FC359A}
		{7CEC99E8-7348-440D-909B-1D203B3F7965} = {5A4E9AF3-C199-4304-A0DE-C3AA652A71A9}
		{A7D74AA8-89AF-4650-9659-0839CC9D8D50} = {0D19674D-66F4-461F-86B3-DABAAE3BB9D1}
		{DCD5A7C5-062C-4782-B6A4-1AC58C17E36D} = {AD01A83A-D3A7-4CF5-AD89-F9C2C7FC359A}
	EndGlobalSection
	GlobalSection(ExtensibilityGlobals) = postSolution
		SolutionGuid = {6715B2A1-ED9A-41D1-8968-2C76A770658C}
	EndGlobalSection
EndGlobal
